
Microsoft Visual Studio Solution File, Format Version 12.00
# Visual Studio Version 17
VisualStudioVersion = 17.11.35327.3
MinimumVisualStudioVersion = 10.0.40219.1
Project("{FAE04EC0-301F-11D3-BF4B-00C04F79EFBC}") = "DemoReport", "DemoReport\DemoReport.csproj", "{91BDA608-D0BA-44F7-9D0C-2297E53D37AD}"
EndProject
Global
	GlobalSection(SolutionConfigurationPlatforms) = preSolution
		Debug|Any CPU = Debug|Any CPU
		Release|Any CPU = Release|Any CPU
	EndGlobalSection
	GlobalSection(ProjectConfigurationPlatforms) = postSolution
		{91BDA608-D0BA-44F7-9D0C-2297E53D37AD}.Debug|Any CPU.ActiveCfg = Debug|Any CPU
		{91BDA608-D0BA-44F7-9D0C-2297E53D37AD}.Debug|Any CPU.Build.0 = Debug|Any CPU
		{91BDA608-D0BA-44F7-9D0C-2297E53D37AD}.Release|Any CPU.ActiveCfg = Release|Any CPU
		{91BDA608-D0BA-44F7-9D0C-2297E53D37AD}.Release|Any CPU.Build.0 = Release|Any CPU
	EndGlobalSection
	GlobalSection(SolutionProperties) = preSolution
		HideSolutionNode = FALSE
	EndGlobalSection
	GlobalSection(ExtensibilityGlobals) = postSolution
		SolutionGuid = {FFB3DE81-78DC-4B23-8AF4-B316D36EDC5E}
	EndGlobalSection
EndGlobal
